
Microsoft Visual Studio Solution File, Format Version 12.00
# Visual Studio Version 17
VisualStudioVersion = 17.7.34031.279
MinimumVisualStudioVersion = 10.0.40219.1
Project("{9A19103F-16F7-4668-BE54-9A1E7A4F7556}") = "Awantura.Application", "Awantura.Application\Awantura.Application.csproj", "{4CA017F2-233A-4FBD-A155-9D90979EFF48}"
EndProject
Project("{9A19103F-16F7-4668-BE54-9A1E7A4F7556}") = "Awantura.Infrastructure", "Awantura.Infrastructure\Awantura.Infrastructure.csproj", "{264B23C7-1CB2-4ED6-8574-3312ABBC6247}"
EndProject
Project("{9A19103F-16F7-4668-BE54-9A1E7A4F7556}") = "Awantura.Api", "Awantura.Api\Awantura.Api.csproj", "{4FBA64DB-49B2-4220-BFEB-D60711FDB969}"
EndProject
Project("{9A19103F-16F7-4668-BE54-9A1E7A4F7556}") = "Awantura.Tests", "..\Awantura.Tests\Awantura.Tests.csproj", "{871A6297-DC19-4211-884F-95B4D662A693}"
EndProject
Global
	GlobalSection(SolutionConfigurationPlatforms) = preSolution
		Debug|Any CPU = Debug|Any CPU
		Release|Any CPU = Release|Any CPU
	EndGlobalSection
	GlobalSection(ProjectConfigurationPlatforms) = postSolution
		{4CA017F2-233A-4FBD-A155-9D90979EFF48}.Debug|Any CPU.ActiveCfg = Debug|Any CPU
		{4CA017F2-233A-4FBD-A155-9D90979EFF48}.Debug|Any CPU.Build.0 = Debug|Any CPU
		{4CA017F2-233A-4FBD-A155-9D90979EFF48}.Release|Any CPU.ActiveCfg = Release|Any CPU
		{4CA017F2-233A-4FBD-A155-9D90979EFF48}.Release|Any CPU.Build.0 = Release|Any CPU
		{264B23C7-1CB2-4ED6-8574-3312ABBC6247}.Debug|Any CPU.ActiveCfg = Debug|Any CPU
		{264B23C7-1CB2-4ED6-8574-3312ABBC6247}.Debug|Any CPU.Build.0 = Debug|Any CPU
		{264B23C7-1CB2-4ED6-8574-3312ABBC6247}.Release|Any CPU.ActiveCfg = Release|Any CPU
		{264B23C7-1CB2-4ED6-8574-3312ABBC6247}.Release|Any CPU.Build.0 = Release|Any CPU
		{4FBA64DB-49B2-4220-BFEB-D60711FDB969}.Debug|Any CPU.ActiveCfg = Debug|Any CPU
		{4FBA64DB-49B2-4220-BFEB-D60711FDB969}.Debug|Any CPU.Build.0 = Debug|Any CPU
		{4FBA64DB-49B2-4220-BFEB-D60711FDB969}.Release|Any CPU.ActiveCfg = Release|Any CPU
		{4FBA64DB-49B2-4220-BFEB-D60711FDB969}.Release|Any CPU.Build.0 = Release|Any CPU
		{871A6297-DC19-4211-884F-95B4D662A693}.Debug|Any CPU.ActiveCfg = Debug|Any CPU
		{871A6297-DC19-4211-884F-95B4D662A693}.Debug|Any CPU.Build.0 = Debug|Any CPU
		{871A6297-DC19-4211-884F-95B4D662A693}.Release|Any CPU.ActiveCfg = Release|Any CPU
		{871A6297-DC19-4211-884F-95B4D662A693}.Release|Any CPU.Build.0 = Release|Any CPU
	EndGlobalSection
	GlobalSection(SolutionProperties) = preSolution
		HideSolutionNode = FALSE
	EndGlobalSection
	GlobalSection(ExtensibilityGlobals) = postSolution
		SolutionGuid = {B400F3EB-5DD0-4D60-8C93-F52F87E3DDA8}
	EndGlobalSection
EndGlobal
